
Microsoft Visual Studio Solution File, Format Version 12.00
# Visual Studio Version 16
VisualStudioVersion = 16.0.29319.158
MinimumVisualStudioVersion = 10.0.40219.1
Project("{2150E333-8FDC-42A3-9474-1A3956D46DE8}") = ".config", ".config", "{F48749AF-754E-4AB0-84C4-7B2409C9E95E}"
	ProjectSection(SolutionItems) = preProject
		.editorconfig = .editorconfig
		.gitignore = .gitignore
	EndProjectSection
EndProject
Project("{9A19103F-16F7-4668-BE54-9A1E7A4F7556}") = "SMTP.Impostor", "SMTP.Impostor\SMTP.Impostor.csproj", "{B4C73AB5-D4AB-4E95-985C-56EBFD68FFE4}"
EndProject
Project("{9A19103F-16F7-4668-BE54-9A1E7A4F7556}") = "SMTP.Impostor.Test", "SMTP.Impostor.Test\SMTP.Impostor.Test.csproj", "{064173C9-64DF-442D-84E0-69A6EE1BB6A4}"
EndProject
Project("{C7167F0D-BC9F-4E6E-AFE1-012C56B48DB5}") = "SMTP.Impostor.Packager", "SMTP.Impostor.Packager\SMTP.Impostor.Packager.wapproj", "{730A6CE1-43AC-433F-9C76-9B4FA735B6D2}"
EndProject
Project("{9A19103F-16F7-4668-BE54-9A1E7A4F7556}") = "SMTP.Impostor.Worker", "SMTP.Impostor.Worker\SMTP.Impostor.Worker.csproj", "{2E3F5181-04B9-420E-A154-3DE854D0E53E}"
EndProject
Project("{9A19103F-16F7-4668-BE54-9A1E7A4F7556}") = "SMTP.Impostor.Test.Sender", "SMTP.Impostor.Test.Sender\SMTP.Impostor.Test.Sender.csproj", "{53985968-D5A8-4B09-80CA-5BC8E8C3E35E}"
EndProject
Project("{9A19103F-16F7-4668-BE54-9A1E7A4F7556}") = "SMTP.Impostor.Stores.FileSystem", "SMTP.Impostor.Stores.FileSystem\SMTP.Impostor.Stores.FileSystem.csproj", "{FABED046-DF2B-473C-B2FB-63ABEEB9BFAF}"
EndProject
Project("{2150E333-8FDC-42A3-9474-1A3956D46DE8}") = ".dist", ".dist", "{C2FA0674-C272-45BA-82A8-EA845B841326}"
EndProject
Project("{2150E333-8FDC-42A3-9474-1A3956D46DE8}") = ".deploy", ".deploy", "{85669BBF-2C71-47D7-AAAB-4E730695C13A}"
	ProjectSection(SolutionItems) = preProject
		.deploy\build.ps1 = .deploy\build.ps1
		.deploy\install.ps1 = .deploy\install.ps1
		.deploy\uninstall.ps1 = .deploy\uninstall.ps1
	EndProjectSection
EndProject
Project("{2150E333-8FDC-42A3-9474-1A3956D46DE8}") = ".github", ".github", "{520E0C4A-3063-42C5-831C-D88E51687A62}"
	ProjectSection(SolutionItems) = preProject
		README.md = README.md
		ui-screenshot.png = ui-screenshot.png
		ui-video.png = ui-video.png
	EndProjectSection
EndProject
Project("{9A19103F-16F7-4668-BE54-9A1E7A4F7556}") = "SMTP.Impostor.Stores.InMemory", "SMTP.Impostor.Stores.InMemory\SMTP.Impostor.Stores.InMemory.csproj", "{7FB08F94-BB3D-4F90-B156-17A22B4F9100}"
EndProject
Global
	GlobalSection(SolutionConfigurationPlatforms) = preSolution
		Debug|Any CPU = Debug|Any CPU
		Debug|ARM = Debug|ARM
		Debug|ARM64 = Debug|ARM64
		Debug|x64 = Debug|x64
		Debug|x86 = Debug|x86
		Release|Any CPU = Release|Any CPU
		Release|ARM = Release|ARM
		Release|ARM64 = Release|ARM64
		Release|x64 = Release|x64
		Release|x86 = Release|x86
	EndGlobalSection
	GlobalSection(ProjectConfigurationPlatforms) = postSolution
		{B4C73AB5-D4AB-4E95-985C-56EBFD68FFE4}.Debug|Any CPU.ActiveCfg = Debug|Any CPU
		{B4C73AB5-D4AB-4E95-985C-56EBFD68FFE4}.Debug|Any CPU.Build.0 = Debug|Any CPU
		{B4C73AB5-D4AB-4E95-985C-56EBFD68FFE4}.Debug|ARM.ActiveCfg = Debug|Any CPU
		{B4C73AB5-D4AB-4E95-985C-56EBFD68FFE4}.Debug|ARM.Build.0 = Debug|Any CPU
		{B4C73AB5-D4AB-4E95-985C-56EBFD68FFE4}.Debug|ARM64.ActiveCfg = Debug|Any CPU
		{B4C73AB5-D4AB-4E95-985C-56EBFD68FFE4}.Debug|ARM64.Build.0 = Debug|Any CPU
		{B4C73AB5-D4AB-4E95-985C-56EBFD68FFE4}.Debug|x64.ActiveCfg = Debug|Any CPU
		{B4C73AB5-D4AB-4E95-985C-56EBFD68FFE4}.Debug|x64.Build.0 = Debug|Any CPU
		{B4C73AB5-D4AB-4E95-985C-56EBFD68FFE4}.Debug|x86.ActiveCfg = Debug|Any CPU
		{B4C73AB5-D4AB-4E95-985C-56EBFD68FFE4}.Debug|x86.Build.0 = Debug|Any CPU
		{B4C73AB5-D4AB-4E95-985C-56EBFD68FFE4}.Release|Any CPU.ActiveCfg = Release|Any CPU
		{B4C73AB5-D4AB-4E95-985C-56EBFD68FFE4}.Release|Any CPU.Build.0 = Release|Any CPU
		{B4C73AB5-D4AB-4E95-985C-56EBFD68FFE4}.Release|ARM.ActiveCfg = Release|Any CPU
		{B4C73AB5-D4AB-4E95-985C-56EBFD68FFE4}.Release|ARM.Build.0 = Release|Any CPU
		{B4C73AB5-D4AB-4E95-985C-56EBFD68FFE4}.Release|ARM64.ActiveCfg = Release|Any CPU
		{B4C73AB5-D4AB-4E95-985C-56EBFD68FFE4}.Release|ARM64.Build.0 = Release|Any CPU
		{B4C73AB5-D4AB-4E95-985C-56EBFD68FFE4}.Release|x64.ActiveCfg = Release|Any CPU
		{B4C73AB5-D4AB-4E95-985C-56EBFD68FFE4}.Release|x64.Build.0 = Release|Any CPU
		{B4C73AB5-D4AB-4E95-985C-56EBFD68FFE4}.Release|x86.ActiveCfg = Release|Any CPU
		{B4C73AB5-D4AB-4E95-985C-56EBFD68FFE4}.Release|x86.Build.0 = Release|Any CPU
		{064173C9-64DF-442D-84E0-69A6EE1BB6A4}.Debug|Any CPU.ActiveCfg = Debug|Any CPU
		{064173C9-64DF-442D-84E0-69A6EE1BB6A4}.Debug|Any CPU.Build.0 = Debug|Any CPU
		{064173C9-64DF-442D-84E0-69A6EE1BB6A4}.Debug|ARM.ActiveCfg = Debug|Any CPU
		{064173C9-64DF-442D-84E0-69A6EE1BB6A4}.Debug|ARM.Build.0 = Debug|Any CPU
		{064173C9-64DF-442D-84E0-69A6EE1BB6A4}.Debug|ARM64.ActiveCfg = Debug|Any CPU
		{064173C9-64DF-442D-84E0-69A6EE1BB6A4}.Debug|ARM64.Build.0 = Debug|Any CPU
		{064173C9-64DF-442D-84E0-69A6EE1BB6A4}.Debug|x64.ActiveCfg = Debug|Any CPU
		{064173C9-64DF-442D-84E0-69A6EE1BB6A4}.Debug|x64.Build.0 = Debug|Any CPU
		{064173C9-64DF-442D-84E0-69A6EE1BB6A4}.Debug|x86.ActiveCfg = Debug|Any CPU
		{064173C9-64DF-442D-84E0-69A6EE1BB6A4}.Debug|x86.Build.0 = Debug|Any CPU
		{064173C9-64DF-442D-84E0-69A6EE1BB6A4}.Release|Any CPU.ActiveCfg = Release|Any CPU
		{064173C9-64DF-442D-84E0-69A6EE1BB6A4}.Release|Any CPU.Build.0 = Release|Any CPU
		{064173C9-64DF-442D-84E0-69A6EE1BB6A4}.Release|ARM.ActiveCfg = Release|Any CPU
		{064173C9-64DF-442D-84E0-69A6EE1BB6A4}.Release|ARM.Build.0 = Release|Any CPU
		{064173C9-64DF-442D-84E0-69A6EE1BB6A4}.Release|ARM64.ActiveCfg = Release|Any CPU
		{064173C9-64DF-442D-84E0-69A6EE1BB6A4}.Release|ARM64.Build.0 = Release|Any CPU
		{064173C9-64DF-442D-84E0-69A6EE1BB6A4}.Release|x64.ActiveCfg = Release|Any CPU
		{064173C9-64DF-442D-84E0-69A6EE1BB6A4}.Release|x64.Build.0 = Release|Any CPU
		{064173C9-64DF-442D-84E0-69A6EE1BB6A4}.Release|x86.ActiveCfg = Release|Any CPU
		{064173C9-64DF-442D-84E0-69A6EE1BB6A4}.Release|x86.Build.0 = Release|Any CPU
		{730A6CE1-43AC-433F-9C76-9B4FA735B6D2}.Debug|Any CPU.ActiveCfg = Debug|Any CPU
		{730A6CE1-43AC-433F-9C76-9B4FA735B6D2}.Debug|Any CPU.Build.0 = Debug|Any CPU
		{730A6CE1-43AC-433F-9C76-9B4FA735B6D2}.Debug|Any CPU.Deploy.0 = Debug|Any CPU
		{730A6CE1-43AC-433F-9C76-9B4FA735B6D2}.Debug|ARM.ActiveCfg = Debug|ARM
		{730A6CE1-43AC-433F-9C76-9B4FA735B6D2}.Debug|ARM.Build.0 = Debug|ARM
		{730A6CE1-43AC-433F-9C76-9B4FA735B6D2}.Debug|ARM.Deploy.0 = Debug|ARM
		{730A6CE1-43AC-433F-9C76-9B4FA735B6D2}.Debug|ARM64.ActiveCfg = Debug|ARM64
		{730A6CE1-43AC-433F-9C76-9B4FA735B6D2}.Debug|ARM64.Build.0 = Debug|ARM64
		{730A6CE1-43AC-433F-9C76-9B4FA735B6D2}.Debug|ARM64.Deploy.0 = Debug|ARM64
		{730A6CE1-43AC-433F-9C76-9B4FA735B6D2}.Debug|x64.ActiveCfg = Debug|x64
		{730A6CE1-43AC-433F-9C76-9B4FA735B6D2}.Debug|x64.Build.0 = Debug|x64
		{730A6CE1-43AC-433F-9C76-9B4FA735B6D2}.Debug|x64.Deploy.0 = Debug|x64
		{730A6CE1-43AC-433F-9C76-9B4FA735B6D2}.Debug|x86.ActiveCfg = Debug|x86
		{730A6CE1-43AC-433F-9C76-9B4FA735B6D2}.Debug|x86.Build.0 = Debug|x86
		{730A6CE1-43AC-433F-9C76-9B4FA735B6D2}.Debug|x86.Deploy.0 = Debug|x86
		{730A6CE1-43AC-433F-9C76-9B4FA735B6D2}.Release|Any CPU.ActiveCfg = Release|Any CPU
		{730A6CE1-43AC-433F-9C76-9B4FA735B6D2}.Release|Any CPU.Build.0 = Release|Any CPU
		{730A6CE1-43AC-433F-9C76-9B4FA735B6D2}.Release|Any CPU.Deploy.0 = Release|Any CPU
		{730A6CE1-43AC-433F-9C76-9B4FA735B6D2}.Release|ARM.ActiveCfg = Release|ARM
		{730A6CE1-43AC-433F-9C76-9B4FA735B6D2}.Release|ARM.Build.0 = Release|ARM
		{730A6CE1-43AC-433F-9C76-9B4FA735B6D2}.Release|ARM.Deploy.0 = Release|ARM
		{730A6CE1-43AC-433F-9C76-9B4FA735B6D2}.Release|ARM64.ActiveCfg = Release|ARM64
		{730A6CE1-43AC-433F-9C76-9B4FA735B6D2}.Release|ARM64.Build.0 = Release|ARM64
		{730A6CE1-43AC-433F-9C76-9B4FA735B6D2}.Release|ARM64.Deploy.0 = Release|ARM64
		{730A6CE1-43AC-433F-9C76-9B4FA735B6D2}.Release|x64.ActiveCfg = Release|x64
		{730A6CE1-43AC-433F-9C76-9B4FA735B6D2}.Release|x64.Build.0 = Release|x64
		{730A6CE1-43AC-433F-9C76-9B4FA735B6D2}.Release|x64.Deploy.0 = Release|x64
		{730A6CE1-43AC-433F-9C76-9B4FA735B6D2}.Release|x86.ActiveCfg = Release|x86
		{730A6CE1-43AC-433F-9C76-9B4FA735B6D2}.Release|x86.Build.0 = Release|x86
		{730A6CE1-43AC-433F-9C76-9B4FA735B6D2}.Release|x86.Deploy.0 = Release|x86
		{2E3F5181-04B9-420E-A154-3DE854D0E53E}.Debug|Any CPU.ActiveCfg = Debug|Any CPU
		{2E3F5181-04B9-420E-A154-3DE854D0E53E}.Debug|Any CPU.Build.0 = Debug|Any CPU
		{2E3F5181-04B9-420E-A154-3DE854D0E53E}.Debug|ARM.ActiveCfg = Debug|Any CPU
		{2E3F5181-04B9-420E-A154-3DE854D0E53E}.Debug|ARM.Build.0 = Debug|Any CPU
		{2E3F5181-04B9-420E-A154-3DE854D0E53E}.Debug|ARM64.ActiveCfg = Debug|Any CPU
		{2E3F5181-04B9-420E-A154-3DE854D0E53E}.Debug|ARM64.Build.0 = Debug|Any CPU
		{2E3F5181-04B9-420E-A154-3DE854D0E53E}.Debug|x64.ActiveCfg = Debug|Any CPU
		{2E3F5181-04B9-420E-A154-3DE854D0E53E}.Debug|x64.Build.0 = Debug|Any CPU
		{2E3F5181-04B9-420E-A154-3DE854D0E53E}.Debug|x86.ActiveCfg = Debug|Any CPU
		{2E3F5181-04B9-420E-A154-3DE854D0E53E}.Debug|x86.Build.0 = Debug|Any CPU
		{2E3F5181-04B9-420E-A154-3DE854D0E53E}.Release|Any CPU.ActiveCfg = Release|Any CPU
		{2E3F5181-04B9-420E-A154-3DE854D0E53E}.Release|Any CPU.Build.0 = Release|Any CPU
		{2E3F5181-04B9-420E-A154-3DE854D0E53E}.Release|ARM.ActiveCfg = Release|Any CPU
		{2E3F5181-04B9-420E-A154-3DE854D0E53E}.Release|ARM.Build.0 = Release|Any CPU
		{2E3F5181-04B9-420E-A154-3DE854D0E53E}.Release|ARM64.ActiveCfg = Release|Any CPU
		{2E3F5181-04B9-420E-A154-3DE854D0E53E}.Release|ARM64.Build.0 = Release|Any CPU
		{2E3F5181-04B9-420E-A154-3DE854D0E53E}.Release|x64.ActiveCfg = Release|Any CPU
		{2E3F5181-04B9-420E-A154-3DE854D0E53E}.Release|x64.Build.0 = Release|Any CPU
		{2E3F5181-04B9-420E-A154-3DE854D0E53E}.Release|x86.ActiveCfg = Release|Any CPU
		{2E3F5181-04B9-420E-A154-3DE854D0E53E}.Release|x86.Build.0 = Release|Any CPU
		{53985968-D5A8-4B09-80CA-5BC8E8C3E35E}.Debug|Any CPU.ActiveCfg = Debug|Any CPU
		{53985968-D5A8-4B09-80CA-5BC8E8C3E35E}.Debug|Any CPU.Build.0 = Debug|Any CPU
		{53985968-D5A8-4B09-80CA-5BC8E8C3E35E}.Debug|ARM.ActiveCfg = Debug|Any CPU
		{53985968-D5A8-4B09-80CA-5BC8E8C3E35E}.Debug|ARM.Build.0 = Debug|Any CPU
		{53985968-D5A8-4B09-80CA-5BC8E8C3E35E}.Debug|ARM64.ActiveCfg = Debug|Any CPU
		{53985968-D5A8-4B09-80CA-5BC8E8C3E35E}.Debug|ARM64.Build.0 = Debug|Any CPU
		{53985968-D5A8-4B09-80CA-5BC8E8C3E35E}.Debug|x64.ActiveCfg = Debug|Any CPU
		{53985968-D5A8-4B09-80CA-5BC8E8C3E35E}.Debug|x64.Build.0 = Debug|Any CPU
		{53985968-D5A8-4B09-80CA-5BC8E8C3E35E}.Debug|x86.ActiveCfg = Debug|Any CPU
		{53985968-D5A8-4B09-80CA-5BC8E8C3E35E}.Debug|x86.Build.0 = Debug|Any CPU
		{53985968-D5A8-4B09-80CA-5BC8E8C3E35E}.Release|Any CPU.ActiveCfg = Release|Any CPU
		{53985968-D5A8-4B09-80CA-5BC8E8C3E35E}.Release|Any CPU.Build.0 = Release|Any CPU
		{53985968-D5A8-4B09-80CA-5BC8E8C3E35E}.Release|ARM.ActiveCfg = Release|Any CPU
		{53985968-D5A8-4B09-80CA-5BC8E8C3E35E}.Release|ARM.Build.0 = Release|Any CPU
		{53985968-D5A8-4B09-80CA-5BC8E8C3E35E}.Release|ARM64.ActiveCfg = Release|Any CPU
		{53985968-D5A8-4B09-80CA-5BC8E8C3E35E}.Release|ARM64.Build.0 = Release|Any CPU
		{53985968-D5A8-4B09-80CA-5BC8E8C3E35E}.Release|x64.ActiveCfg = Release|Any CPU
		{53985968-D5A8-4B09-80CA-5BC8E8C3E35E}.Release|x64.Build.0 = Release|Any CPU
		{53985968-D5A8-4B09-80CA-5BC8E8C3E35E}.Release|x86.ActiveCfg = Release|Any CPU
		{53985968-D5A8-4B09-80CA-5BC8E8C3E35E}.Release|x86.Build.0 = Release|Any CPU
		{FABED046-DF2B-473C-B2FB-63ABEEB9BFAF}.Debug|Any CPU.ActiveCfg = Debug|Any CPU
		{FABED046-DF2B-473C-B2FB-63ABEEB9BFAF}.Debug|Any CPU.Build.0 = Debug|Any CPU
		{FABED046-DF2B-473C-B2FB-63ABEEB9BFAF}.Debug|ARM.ActiveCfg = Debug|Any CPU
		{FABED046-DF2B-473C-B2FB-63ABEEB9BFAF}.Debug|ARM.Build.0 = Debug|Any CPU
		{FABED046-DF2B-473C-B2FB-63ABEEB9BFAF}.Debug|ARM64.ActiveCfg = Debug|Any CPU
		{FABED046-DF2B-473C-B2FB-63ABEEB9BFAF}.Debug|ARM64.Build.0 = Debug|Any CPU
		{FABED046-DF2B-473C-B2FB-63ABEEB9BFAF}.Debug|x64.ActiveCfg = Debug|Any CPU
		{FABED046-DF2B-473C-B2FB-63ABEEB9BFAF}.Debug|x64.Build.0 = Debug|Any CPU
		{FABED046-DF2B-473C-B2FB-63ABEEB9BFAF}.Debug|x86.ActiveCfg = Debug|Any CPU
		{FABED046-DF2B-473C-B2FB-63ABEEB9BFAF}.Debug|x86.Build.0 = Debug|Any CPU
		{FABED046-DF2B-473C-B2FB-63ABEEB9BFAF}.Release|Any CPU.ActiveCfg = Release|Any CPU
		{FABED046-DF2B-473C-B2FB-63ABEEB9BFAF}.Release|Any CPU.Build.0 = Release|Any CPU
		{FABED046-DF2B-473C-B2FB-63ABEEB9BFAF}.Release|ARM.ActiveCfg = Release|Any CPU
		{FABED046-DF2B-473C-B2FB-63ABEEB9BFAF}.Release|ARM.Build.0 = Release|Any CPU
		{FABED046-DF2B-473C-B2FB-63ABEEB9BFAF}.Release|ARM64.ActiveCfg = Release|Any CPU
		{FABED046-DF2B-473C-B2FB-63ABEEB9BFAF}.Release|ARM64.Build.0 = Release|Any CPU
		{FABED046-DF2B-473C-B2FB-63ABEEB9BFAF}.Release|x64.ActiveCfg = Release|Any CPU
		{FABED046-DF2B-473C-B2FB-63ABEEB9BFAF}.Release|x64.Build.0 = Release|Any CPU
		{FABED046-DF2B-473C-B2FB-63ABEEB9BFAF}.Release|x86.ActiveCfg = Release|Any CPU
		{FABED046-DF2B-473C-B2FB-63ABEEB9BFAF}.Release|x86.Build.0 = Release|Any CPU
		{7FB08F94-BB3D-4F90-B156-17A22B4F9100}.Debug|Any CPU.ActiveCfg = Debug|Any CPU
		{7FB08F94-BB3D-4F90-B156-17A22B4F9100}.Debug|Any CPU.Build.0 = Debug|Any CPU
		{7FB08F94-BB3D-4F90-B156-17A22B4F9100}.Debug|ARM.ActiveCfg = Debug|Any CPU
		{7FB08F94-BB3D-4F90-B156-17A22B4F9100}.Debug|ARM.Build.0 = Debug|Any CPU
		{7FB08F94-BB3D-4F90-B156-17A22B4F9100}.Debug|ARM64.ActiveCfg = Debug|Any CPU
		{7FB08F94-BB3D-4F90-B156-17A22B4F9100}.Debug|ARM64.Build.0 = Debug|Any CPU
		{7FB08F94-BB3D-4F90-B156-17A22B4F9100}.Debug|x64.ActiveCfg = Debug|Any CPU
		{7FB08F94-BB3D-4F90-B156-17A22B4F9100}.Debug|x64.Build.0 = Debug|Any CPU
		{7FB08F94-BB3D-4F90-B156-17A22B4F9100}.Debug|x86.ActiveCfg = Debug|Any CPU
		{7FB08F94-BB3D-4F90-B156-17A22B4F9100}.Debug|x86.Build.0 = Debug|Any CPU
		{7FB08F94-BB3D-4F90-B156-17A22B4F9100}.Release|Any CPU.ActiveCfg = Release|Any CPU
		{7FB08F94-BB3D-4F90-B156-17A22B4F9100}.Release|Any CPU.Build.0 = Release|Any CPU
		{7FB08F94-BB3D-4F90-B156-17A22B4F9100}.Release|ARM.ActiveCfg = Release|Any CPU
		{7FB08F94-BB3D-4F90-B156-17A22B4F9100}.Release|ARM.Build.0 = Release|Any CPU
		{7FB08F94-BB3D-4F90-B156-17A22B4F9100}.Release|ARM64.ActiveCfg = Release|Any CPU
		{7FB08F94-BB3D-4F90-B156-17A22B4F9100}.Release|ARM64.Build.0 = Release|Any CPU
		{7FB08F94-BB3D-4F90-B156-17A22B4F9100}.Release|x64.ActiveCfg = Release|Any CPU
		{7FB08F94-BB3D-4F90-B156-17A22B4F9100}.Release|x64.Build.0 = Release|Any CPU
		{7FB08F94-BB3D-4F90-B156-17A22B4F9100}.Release|x86.ActiveCfg = Release|Any CPU
		{7FB08F94-BB3D-4F90-B156-17A22B4F9100}.Release|x86.Build.0 = Release|Any CPU
	EndGlobalSection
	GlobalSection(SolutionProperties) = preSolution
		HideSolutionNode = FALSE
	EndGlobalSection
	GlobalSection(ExtensibilityGlobals) = postSolution
		SolutionGuid = {8B09F505-E9B6-4755-A971-0454577880A7}
	EndGlobalSection
EndGlobal
