
Microsoft Visual Studio Solution File, Format Version 12.00
# Visual Studio Version 17
VisualStudioVersion = 17.5.002.0
MinimumVisualStudioVersion = 10.0.40219.1
Project("{9A19103F-16F7-4668-BE54-9A1E7A4F7556}") = "SMTP.Impostor.Worker", "SMTP.Impostor.Worker.csproj", "{BCC1AE80-DB60-41AD-A64B-B24DD94E28EA}"
EndProject
Global
	GlobalSection(SolutionConfigurationPlatforms) = preSolution
		Debug|Any CPU = Debug|Any CPU
		Release|Any CPU = Release|Any CPU
	EndGlobalSection
	GlobalSection(ProjectConfigurationPlatforms) = postSolution
		{BCC1AE80-DB60-41AD-A64B-B24DD94E28EA}.Debug|Any CPU.ActiveCfg = Debug|Any CPU
		{BCC1AE80-DB60-41AD-A64B-B24DD94E28EA}.Debug|Any CPU.Build.0 = Debug|Any CPU
		{BCC1AE80-DB60-41AD-A64B-B24DD94E28EA}.Release|Any CPU.ActiveCfg = Release|Any CPU
		{BCC1AE80-DB60-41AD-A64B-B24DD94E28EA}.Release|Any CPU.Build.0 = Release|Any CPU
	EndGlobalSection
	GlobalSection(SolutionProperties) = preSolution
		HideSolutionNode = FALSE
	EndGlobalSection
	GlobalSection(ExtensibilityGlobals) = postSolution
		SolutionGuid = {9E2444DB-F49B-49B6-B62C-EEE04FC831AB}
	EndGlobalSection
EndGlobal
